
Microsoft Visual Studio Solution File, Format Version 12.00
# Visual Studio Version 17
VisualStudioVersion = 17.6.33815.320
MinimumVisualStudioVersion = 10.0.40219.1
Project("{FAE04EC0-301F-11D3-BF4B-00C04F79EFBC}") = "PedraPapelouTesoura.", "..\PedraPapelouTesoura\PedraPapelouTesoura\PedraPapelouTesoura..csproj", "{CFBFD541-8811-4F98-9885-3382ABB5D271}"
EndProject
Global
	GlobalSection(SolutionConfigurationPlatforms) = preSolution
		Debug|Any CPU = Debug|Any CPU
		Release|Any CPU = Release|Any CPU
	EndGlobalSection
	GlobalSection(ProjectConfigurationPlatforms) = postSolution
		{CFBFD541-8811-4F98-9885-3382ABB5D271}.Debug|Any CPU.ActiveCfg = Debug|Any CPU
		{CFBFD541-8811-4F98-9885-3382ABB5D271}.Debug|Any CPU.Build.0 = Debug|Any CPU
		{CFBFD541-8811-4F98-9885-3382ABB5D271}.Release|Any CPU.ActiveCfg = Release|Any CPU
		{CFBFD541-8811-4F98-9885-3382ABB5D271}.Release|Any CPU.Build.0 = Release|Any CPU
	EndGlobalSection
	GlobalSection(SolutionProperties) = preSolution
		HideSolutionNode = FALSE
	EndGlobalSection
	GlobalSection(ExtensibilityGlobals) = postSolution
		SolutionGuid = {3954061B-4411-455F-A168-D9B9548DEF7F}
	EndGlobalSection
EndGlobal
